
Microsoft Visual Studio Solution File, Format Version 12.00
# Visual Studio Version 17
VisualStudioVersion = 17.7.34031.279
MinimumVisualStudioVersion = 10.0.40219.1
Project("{FAE04EC0-301F-11D3-BF4B-00C04F79EFBC}") = "PruebaTecnica", "PruebaTecnica\PruebaTecnica.csproj", "{DE02F64F-54FE-4FFC-9BF6-E85BF2A4F501}"
EndProject
Project("{FAE04EC0-301F-11D3-BF4B-00C04F79EFBC}") = "PruebaTecnica.Models", "PruebaTecnica.Models\PruebaTecnica.Models.csproj", "{D0659C27-5085-4730-83A3-DB78BC2382A2}"
EndProject
Project("{FAE04EC0-301F-11D3-BF4B-00C04F79EFBC}") = "PruebaTecnica.Services", "PruebaTecnica.Services\PruebaTecnica.Services.csproj", "{5F541B68-FA5E-4836-AB8A-C88CDF460D06}"
EndProject
Global
	GlobalSection(SolutionConfigurationPlatforms) = preSolution
		Debug|Any CPU = Debug|Any CPU
		Release|Any CPU = Release|Any CPU
	EndGlobalSection
	GlobalSection(ProjectConfigurationPlatforms) = postSolution
		{DE02F64F-54FE-4FFC-9BF6-E85BF2A4F501}.Debug|Any CPU.ActiveCfg = Debug|Any CPU
		{DE02F64F-54FE-4FFC-9BF6-E85BF2A4F501}.Debug|Any CPU.Build.0 = Debug|Any CPU
		{DE02F64F-54FE-4FFC-9BF6-E85BF2A4F501}.Release|Any CPU.ActiveCfg = Release|Any CPU
		{DE02F64F-54FE-4FFC-9BF6-E85BF2A4F501}.Release|Any CPU.Build.0 = Release|Any CPU
		{D0659C27-5085-4730-83A3-DB78BC2382A2}.Debug|Any CPU.ActiveCfg = Debug|Any CPU
		{D0659C27-5085-4730-83A3-DB78BC2382A2}.Debug|Any CPU.Build.0 = Debug|Any CPU
		{D0659C27-5085-4730-83A3-DB78BC2382A2}.Release|Any CPU.ActiveCfg = Release|Any CPU
		{D0659C27-5085-4730-83A3-DB78BC2382A2}.Release|Any CPU.Build.0 = Release|Any CPU
		{5F541B68-FA5E-4836-AB8A-C88CDF460D06}.Debug|Any CPU.ActiveCfg = Debug|Any CPU
		{5F541B68-FA5E-4836-AB8A-C88CDF460D06}.Debug|Any CPU.Build.0 = Debug|Any CPU
		{5F541B68-FA5E-4836-AB8A-C88CDF460D06}.Release|Any CPU.ActiveCfg = Release|Any CPU
		{5F541B68-FA5E-4836-AB8A-C88CDF460D06}.Release|Any CPU.Build.0 = Release|Any CPU
	EndGlobalSection
	GlobalSection(SolutionProperties) = preSolution
		HideSolutionNode = FALSE
	EndGlobalSection
	GlobalSection(ExtensibilityGlobals) = postSolution
		SolutionGuid = {45205330-B29E-4E21-8DDA-4715401C400F}
	EndGlobalSection
EndGlobal
